
Microsoft Visual Studio Solution File, Format Version 12.00
# Visual Studio Version 17
VisualStudioVersion = 17.3.32929.385
MinimumVisualStudioVersion = 10.0.40219.1
Project("{9A19103F-16F7-4668-BE54-9A1E7A4F7556}") = "BlazorCandlestickChart", "BlazorCandlestickChart\BlazorCandlestickChart.csproj", "{93B22C6A-9887-4F25-9869-157FC93DA075}"
EndProject
Global
	GlobalSection(SolutionConfigurationPlatforms) = preSolution
		Debug|Any CPU = Debug|Any CPU
		Release|Any CPU = Release|Any CPU
	EndGlobalSection
	GlobalSection(ProjectConfigurationPlatforms) = postSolution
		{93B22C6A-9887-4F25-9869-157FC93DA075}.Debug|Any CPU.ActiveCfg = Debug|Any CPU
		{93B22C6A-9887-4F25-9869-157FC93DA075}.Debug|Any CPU.Build.0 = Debug|Any CPU
		{93B22C6A-9887-4F25-9869-157FC93DA075}.Release|Any CPU.ActiveCfg = Release|Any CPU
		{93B22C6A-9887-4F25-9869-157FC93DA075}.Release|Any CPU.Build.0 = Release|Any CPU
	EndGlobalSection
	GlobalSection(SolutionProperties) = preSolution
		HideSolutionNode = FALSE
	EndGlobalSection
	GlobalSection(ExtensibilityGlobals) = postSolution
		SolutionGuid = {B5329AC3-6B6E-48C9-B28A-36E8D97EAAF7}
	EndGlobalSection
EndGlobal
